
Microsoft Visual Studio Solution File, Format Version 12.00
# Visual Studio Version 17
VisualStudioVersion = 17.12.35527.113 d17.12
MinimumVisualStudioVersion = 10.0.40219.1
Project("{8BC9CEB8-8B4A-11D0-8D11-00A0C91BC942}") = "KDTDirectX2025.01.13", "KDTDirectX2025.01.13\KDTDirectX2025.01.13.vcxproj", "{534E8763-D5C2-4332-8E63-92B8D4254348}"
EndProject
Global
	GlobalSection(SolutionConfigurationPlatforms) = preSolution
		Debug|x64 = Debug|x64
		Debug|x86 = Debug|x86
		Release|x64 = Release|x64
		Release|x86 = Release|x86
	EndGlobalSection
	GlobalSection(ProjectConfigurationPlatforms) = postSolution
		{534E8763-D5C2-4332-8E63-92B8D4254348}.Debug|x64.ActiveCfg = Debug|x64
		{534E8763-D5C2-4332-8E63-92B8D4254348}.Debug|x64.Build.0 = Debug|x64
		{534E8763-D5C2-4332-8E63-92B8D4254348}.Debug|x86.ActiveCfg = Debug|Win32
		{534E8763-D5C2-4332-8E63-92B8D4254348}.Debug|x86.Build.0 = Debug|Win32
		{534E8763-D5C2-4332-8E63-92B8D4254348}.Release|x64.ActiveCfg = Release|x64
		{534E8763-D5C2-4332-8E63-92B8D4254348}.Release|x64.Build.0 = Release|x64
		{534E8763-D5C2-4332-8E63-92B8D4254348}.Release|x86.ActiveCfg = Release|Win32
		{534E8763-D5C2-4332-8E63-92B8D4254348}.Release|x86.Build.0 = Release|Win32
	EndGlobalSection
	GlobalSection(SolutionProperties) = preSolution
		HideSolutionNode = FALSE
	EndGlobalSection
EndGlobal
