<?xml version="1.0" encoding="utf-8"?>
<Project ToolsVersion="4.0" xmlns="http://schemas.microsoft.com/developer/msbuild/2003">
  <ItemGroup>
    <Filter Include="소스 파일">
      <UniqueIdentifier>{4FC737F1-C7A5-4376-A066-2A32D752A2FF}</UniqueIdentifier>
      <Extensions>cpp;c;cc;cxx;c++;cppm;ixx;def;odl;idl;hpj;bat;asm;asmx</Extensions>
    </Filter>
    <Filter Include="헤더 파일">
      <UniqueIdentifier>{93995380-89BD-4b04-88EB-625FBE52EBFB}</UniqueIdentifier>
      <Extensions>h;hh;hpp;hxx;h++;hm;inl;inc;ipp;xsd</Extensions>
    </Filter>
    <Filter Include="리소스 파일">
      <UniqueIdentifier>{67DA6AB6-F800-4c08-8B7A-83BB121AAD01}</UniqueIdentifier>
      <Extensions>rc;ico;cur;bmp;dlg;rc2;rct;bin;rgs;gif;jpg;jpeg;jpe;resx;tiff;tif;png;wav;mfcribbon-ms</Extensions>
    </Filter>
    <Filter Include="01. GameManager">
      <UniqueIdentifier>{ef015415-6a0e-4e8c-abd5-6b38219bb93f}</UniqueIdentifier>
    </Filter>
    <Filter Include="02. Object">
      <UniqueIdentifier>{cedde3e8-e661-4f37-8965-b499bbc6aa5c}</UniqueIdentifier>
    </Filter>
    <Filter Include="03. Stage">
      <UniqueIdentifier>{9838b4d0-4f82-4234-b183-4fc14467e70d}</UniqueIdentifier>
    </Filter>
    <Filter Include="02. Object\01. Character">
      <UniqueIdentifier>{d2b04281-4e07-4065-8514-07a031238bdb}</UniqueIdentifier>
    </Filter>
    <Filter Include="02. Object\02. Item">
      <UniqueIdentifier>{b4d9702f-5556-420b-8d51-ff7fd8f71c06}</UniqueIdentifier>
    </Filter>
  </ItemGroup>
  <ItemGroup>
    <ClCompile Include="main.cpp">
      <Filter>소스 파일</Filter>
    </ClCompile>
    <ClCompile Include="GameManager.cpp">
      <Filter>01. GameManager</Filter>
    </ClCompile>
    <ClCompile Include="Object.cpp">
      <Filter>02. Object</Filter>
    </ClCompile>
    <ClCompile Include="ObjectManager.cpp">
      <Filter>02. Object</Filter>
    </ClCompile>
    <ClCompile Include="Stage.cpp">
      <Filter>03. Stage</Filter>
    </ClCompile>
    <ClCompile Include="StageManager.cpp">
      <Filter>03. Stage</Filter>
    </ClCompile>
    <ClCompile Include="Bullet.cpp">
      <Filter>02. Object</Filter>
    </ClCompile>
    <ClCompile Include="Player.cpp">
      <Filter>02. Object\01. Character</Filter>
    </ClCompile>
    <ClCompile Include="Enemy.cpp">
      <Filter>02. Object\01. Character</Filter>
    </ClCompile>
    <ClCompile Include="Item.cpp">
      <Filter>02. Object\02. Item</Filter>
    </ClCompile>
    <ClCompile Include="ItemScore.cpp">
      <Filter>02. Object\02. Item</Filter>
    </ClCompile>
  </ItemGroup>
  <ItemGroup>
    <ClInclude Include="GameInfo.h">
      <Filter>헤더 파일</Filter>
    </ClInclude>
    <ClInclude Include="Object.h">
      <Filter>02. Object</Filter>
    </ClInclude>
    <ClInclude Include="ObjectManager.h">
      <Filter>02. Object</Filter>
    </ClInclude>
    <ClInclude Include="GameManager.h">
      <Filter>01. GameManager</Filter>
    </ClInclude>
    <ClInclude Include="Stage.h">
      <Filter>03. Stage</Filter>
    </ClInclude>
    <ClInclude Include="StageManager.h">
      <Filter>03. Stage</Filter>
    </ClInclude>
    <ClInclude Include="Bullet.h">
      <Filter>02. Object</Filter>
    </ClInclude>
    <ClInclude Include="Player.h">
      <Filter>02. Object\01. Character</Filter>
    </ClInclude>
    <ClInclude Include="Enemy.h">
      <Filter>02. Object\01. Character</Filter>
    </ClInclude>
    <ClInclude Include="Item.h">
      <Filter>02. Object\02. Item</Filter>
    </ClInclude>
    <ClInclude Include="ItemScore.h">
      <Filter>02. Object\02. Item</Filter>
    </ClInclude>
  </ItemGroup>
</Project>