<?xml version="1.0" encoding="utf-8"?>
<Project ToolsVersion="4.0" xmlns="http://schemas.microsoft.com/developer/msbuild/2003">
  <ItemGroup>
    <Filter Include="소스 파일">
      <UniqueIdentifier>{4FC737F1-C7A5-4376-A066-2A32D752A2FF}</UniqueIdentifier>
      <Extensions>cpp;c;cc;cxx;c++;cppm;ixx;def;odl;idl;hpj;bat;asm;asmx</Extensions>
    </Filter>
    <Filter Include="헤더 파일">
      <UniqueIdentifier>{93995380-89BD-4b04-88EB-625FBE52EBFB}</UniqueIdentifier>
      <Extensions>h;hh;hpp;hxx;h++;hm;inl;inc;ipp;xsd</Extensions>
    </Filter>
    <Filter Include="리소스 파일">
      <UniqueIdentifier>{67DA6AB6-F800-4c08-8B7A-83BB121AAD01}</UniqueIdentifier>
      <Extensions>rc;ico;cur;bmp;dlg;rc2;rct;bin;rgs;gif;jpg;jpeg;jpe;resx;tiff;tif;png;wav;mfcribbon-ms</Extensions>
    </Filter>
    <Filter Include="01. GameManager">
      <UniqueIdentifier>{4656b5b9-2aa3-41b1-bd02-2339359e9699}</UniqueIdentifier>
    </Filter>
    <Filter Include="02. Share">
      <UniqueIdentifier>{becc6e28-9173-46cc-af34-26e8b542bf6e}</UniqueIdentifier>
    </Filter>
    <Filter Include="01. GameManager\01. Device">
      <UniqueIdentifier>{c27eb10c-5cff-4261-8714-b97d80909a62}</UniqueIdentifier>
    </Filter>
    <Filter Include="03. Asset">
      <UniqueIdentifier>{a02da6d9-ca57-4f9e-950e-6459878bac8d}</UniqueIdentifier>
    </Filter>
    <Filter Include="03. Asset\01. Mesh">
      <UniqueIdentifier>{0ca7c511-670f-4193-85c4-d4673703e0d6}</UniqueIdentifier>
    </Filter>
    <Filter Include="02. Share\01. Timer">
      <UniqueIdentifier>{a06ff788-8750-4576-9633-66e07b99ca20}</UniqueIdentifier>
    </Filter>
    <Filter Include="02. Share\02. Object">
      <UniqueIdentifier>{582d6bf6-d628-423b-85d9-26aba5301287}</UniqueIdentifier>
    </Filter>
    <Filter Include="02. Share\03. SharedPointer">
      <UniqueIdentifier>{3f611261-a6e8-4771-8b7a-44491308ea25}</UniqueIdentifier>
    </Filter>
    <Filter Include="04. Shader">
      <UniqueIdentifier>{4ee468c3-e567-4d59-a2d8-b97c751e71c2}</UniqueIdentifier>
    </Filter>
    <Filter Include="04. Shader\01. HLSL">
      <UniqueIdentifier>{7510533f-6e04-4220-afbd-07c09ce07fda}</UniqueIdentifier>
    </Filter>
    <Filter Include="04. Shader\02. Shader Class">
      <UniqueIdentifier>{546237a5-7a8b-474b-9ab6-215403f618c3}</UniqueIdentifier>
    </Filter>
    <Filter Include="04. Shader\02. Shader Class\01. ColorMesh">
      <UniqueIdentifier>{d7b64009-6c86-4baa-be4b-ae83dd744712}</UniqueIdentifier>
    </Filter>
  </ItemGroup>
  <ItemGroup>
    <ClCompile Include="main.cpp">
      <Filter>소스 파일</Filter>
    </ClCompile>
    <ClCompile Include="Vector4D.cpp">
      <Filter>소스 파일</Filter>
    </ClCompile>
    <ClCompile Include="GameManager.cpp">
      <Filter>01. GameManager</Filter>
    </ClCompile>
    <ClCompile Include="Device.cpp">
      <Filter>01. GameManager\01. Device</Filter>
    </ClCompile>
    <ClCompile Include="Asset\AssetManager.cpp">
      <Filter>03. Asset</Filter>
    </ClCompile>
    <ClCompile Include="Share\Timer.cpp">
      <Filter>02. Share\01. Timer</Filter>
    </ClCompile>
    <ClCompile Include="Share\Object.cpp">
      <Filter>02. Share\02. Object</Filter>
    </ClCompile>
    <ClCompile Include="Asset\Asset.cpp">
      <Filter>03. Asset</Filter>
    </ClCompile>
    <ClCompile Include="Asset\Mesh\Mesh.cpp">
      <Filter>03. Asset\01. Mesh</Filter>
    </ClCompile>
    <ClCompile Include="Asset\Mesh\StaticMesh.cpp">
      <Filter>03. Asset\01. Mesh</Filter>
    </ClCompile>
    <ClCompile Include="Asset\Mesh\MeshManager.cpp">
      <Filter>소스 파일</Filter>
    </ClCompile>
    <ClCompile Include="Shader\ShaderManager.cpp">
      <Filter>04. Shader</Filter>
    </ClCompile>
    <ClCompile Include="Shader\ComputeShader.cpp">
      <Filter>04. Shader\02. Shader Class</Filter>
    </ClCompile>
    <ClCompile Include="Shader\GraphicShader.cpp">
      <Filter>04. Shader\02. Shader Class</Filter>
    </ClCompile>
    <ClCompile Include="Shader\Shader.cpp">
      <Filter>04. Shader\02. Shader Class</Filter>
    </ClCompile>
    <ClCompile Include="Shader\ColorMeshShader.cpp">
      <Filter>소스 파일</Filter>
    </ClCompile>
  </ItemGroup>
  <ItemGroup>
    <ClInclude Include="GameInfo.h">
      <Filter>헤더 파일</Filter>
    </ClInclude>
    <ClInclude Include="resource.h">
      <Filter>헤더 파일</Filter>
    </ClInclude>
    <ClInclude Include="Vector2D.h">
      <Filter>헤더 파일</Filter>
    </ClInclude>
    <ClInclude Include="Vector3D.h">
      <Filter>헤더 파일</Filter>
    </ClInclude>
    <ClInclude Include="Vector4D.h">
      <Filter>헤더 파일</Filter>
    </ClInclude>
    <ClInclude Include="GameManager.h">
      <Filter>01. GameManager</Filter>
    </ClInclude>
    <ClInclude Include="Device.h">
      <Filter>01. GameManager\01. Device</Filter>
    </ClInclude>
    <ClInclude Include="Asset\AssetManager.h">
      <Filter>03. Asset</Filter>
    </ClInclude>
    <ClInclude Include="Share\Timer.h">
      <Filter>02. Share\01. Timer</Filter>
    </ClInclude>
    <ClInclude Include="Share\Object.h">
      <Filter>02. Share\02. Object</Filter>
    </ClInclude>
    <ClInclude Include="Asset\Asset.h">
      <Filter>03. Asset</Filter>
    </ClInclude>
    <ClInclude Include="Asset\Mesh\Mesh.h">
      <Filter>03. Asset\01. Mesh</Filter>
    </ClInclude>
    <ClInclude Include="Asset\Mesh\StaticMesh.h">
      <Filter>03. Asset\01. Mesh</Filter>
    </ClInclude>
    <ClInclude Include="Share\SharedPointer.h">
      <Filter>02. Share\03. SharedPointer</Filter>
    </ClInclude>
    <ClInclude Include="Asset\Mesh\MeshManager.h">
      <Filter>헤더 파일</Filter>
    </ClInclude>
    <ClInclude Include="Shader\ShaderManager.h">
      <Filter>04. Shader</Filter>
    </ClInclude>
    <ClInclude Include="Shader\ComputeShader.h">
      <Filter>04. Shader\02. Shader Class</Filter>
    </ClInclude>
    <ClInclude Include="Shader\GraphicShader.h">
      <Filter>04. Shader\02. Shader Class</Filter>
    </ClInclude>
    <ClInclude Include="Shader\Shader.h">
      <Filter>04. Shader\02. Shader Class</Filter>
    </ClInclude>
    <ClInclude Include="Shader\ColorMeshShader.h">
      <Filter>헤더 파일</Filter>
    </ClInclude>
  </ItemGroup>
  <ItemGroup>
    <ResourceCompile Include="KDTFrameworkCrom.rc">
      <Filter>리소스 파일</Filter>
    </ResourceCompile>
  </ItemGroup>
  <ItemGroup>
    <Image Include="icon1.ico">
      <Filter>리소스 파일</Filter>
    </Image>
  </ItemGroup>
  <ItemGroup>
    <FxCompile Include="..\Bin\Shader\Share.fx">
      <Filter>04. Shader\01. HLSL</Filter>
    </FxCompile>
    <FxCompile Include="..\Bin\Shader\ColorMesh.fx">
      <Filter>04. Shader\01. HLSL</Filter>
    </FxCompile>
  </ItemGroup>
</Project>